// !$*UTF8*$!
{
	archiveVersion = 1;
	classes = {
	};
	objectVersion = 46;
	objects = {
/* Begin PBXBuildFile section */
		0207DA581B56EA530066E2B4 /* Images.xcassets in Resources */ = {isa = PBXBuildFile; fileRef = 0207DA571B56EA530066E2B4 /* Images.xcassets */; };
		1D3623260D0F684500981E51 /* AppDelegate.m in Sources */ = {isa = PBXBuildFile; fileRef = 1D3623250D0F684500981E51 /* AppDelegate.m */; };
		1D60589B0D05DD56006BFB54 /* main.m in Sources */ = {isa = PBXBuildFile; fileRef = 29B97316FDCFA39411CA2CEA /* main.m */; };
		301BF552109A68D80062928A /* libCordova.a in Frameworks */ = {isa = PBXBuildFile; fileRef = 301BF535109A57CC0062928A /* libCordova.a */; };
		302D95F114D2391D003F00A1 /* MainViewController.m in Sources */ = {isa = PBXBuildFile; fileRef = 302D95EF14D2391D003F00A1 /* MainViewController.m */; };
		302D95F214D2391D003F00A1 /* MainViewController.xib in Resources */ = {isa = PBXBuildFile; fileRef = 302D95F014D2391D003F00A1 /* MainViewController.xib */; };
		3047A5121AB8059700498E2A /* build-debug.xcconfig in Resources */ = {isa = PBXBuildFile; fileRef = 3047A50F1AB8059700498E2A /* build-debug.xcconfig */; };
		3047A5131AB8059700498E2A /* build-release.xcconfig in Resources */ = {isa = PBXBuildFile; fileRef = 3047A5101AB8059700498E2A /* build-release.xcconfig */; };
		3047A5141AB8059700498E2A /* build.xcconfig in Resources */ = {isa = PBXBuildFile; fileRef = 3047A5111AB8059700498E2A /* build.xcconfig */; };
		6AFF5BF91D6E424B00AB3073 /* CDVLaunchScreen.storyboard in Resources */ = {isa = PBXBuildFile; fileRef = 6AFF5BF81D6E424B00AB3073 /* CDVLaunchScreen.storyboard */; };
		3343443A91CB4B73A646DA96 /* AppDelegate+notification.m in Sources */ = {isa = PBXBuildFile; fileRef = 54C4338B17B04A6E8B5FB8AD /* AppDelegate+notification.m */; };
		F63B848AA4924B04865C206C /* PushPlugin.m in Sources */ = {isa = PBXBuildFile; fileRef = 2BF72DD63B7642BFBAE3DB42 /* PushPlugin.m */; };
		D71FC6CA2D264B3394D2ED1E /* libGGLCloudMessaging.a in Frameworks */ = {isa = PBXBuildFile; fileRef = 462F89643F8B4024815E0105 /* libGGLCloudMessaging.a */; };
		A9FCBF9B809442CE98340817 /* libGGLCore.a in Frameworks */ = {isa = PBXBuildFile; fileRef = 60F4290E9C0549268E76D7F9 /* libGGLCore.a */; };
		CD2C72C59D5444A19A3B59F5 /* libGGLInstanceIDLib.a in Frameworks */ = {isa = PBXBuildFile; fileRef = 919A5CF714214FD080705D44 /* libGGLInstanceIDLib.a */; };
		43B51E787A6F41308ADB1C7B /* libGIP_Reachability.a in Frameworks */ = {isa = PBXBuildFile; fileRef = EF232183E72E46498C4BF50C /* libGIP_Reachability.a */; };
		5FF243DA202B4C6485C81CA1 /* libGSDK_Overload.a in Frameworks */ = {isa = PBXBuildFile; fileRef = 6DAE72A159BD49089697F5E5 /* libGSDK_Overload.a */; };
		EC10A1227C714EF29709A103 /* libGTMSessionFetcher_core.a in Frameworks */ = {isa = PBXBuildFile; fileRef = 1EB49D5CB73B4E0AB78D3A3F /* libGTMSessionFetcher_core.a */; };
		031401C1394E4356A5F7AC6F /* libGTMSessionFetcher_full.a in Frameworks */ = {isa = PBXBuildFile; fileRef = 26C0686A5DE742B68CE3D1E7 /* libGTMSessionFetcher_full.a */; };
		B0756150A66041F59D82A412 /* libGTMStackTrace.a in Frameworks */ = {isa = PBXBuildFile; fileRef = 49031C7F12F342D6B1F8055F /* libGTMStackTrace.a */; };
		3476F86C2BBF432DAB09CCD4 /* libGTM_AddressBook.a in Frameworks */ = {isa = PBXBuildFile; fileRef = E46D908C761C43BB80E70D75 /* libGTM_AddressBook.a */; };
		8503AA653848458DA8128339 /* libGTM_DebugUtils.a in Frameworks */ = {isa = PBXBuildFile; fileRef = 27518A0B0D6B41B6B871608F /* libGTM_DebugUtils.a */; };
		8EE6CFD8328649DABE88F3BF /* libGTM_GTMURLBuilder.a in Frameworks */ = {isa = PBXBuildFile; fileRef = DA50C2F644EC4B33B4550BE8 /* libGTM_GTMURLBuilder.a */; };
		565774D1B4974E348C46BAE1 /* libGTM_KVO.a in Frameworks */ = {isa = PBXBuildFile; fileRef = AC6121AA871B429BB823CC86 /* libGTM_KVO.a */; };
		F2D9931437914D6AA9CBD4BF /* libGTM_NSData+zlib.a in Frameworks */ = {isa = PBXBuildFile; fileRef = 49678950E0BA4987943636F9 /* libGTM_NSData+zlib.a */; };
		648F8B7FF40443E59396F506 /* libGTM_NSDictionary+URLArguments.a in Frameworks */ = {isa = PBXBuildFile; fileRef = 52F29DE502714B68A5E5D710 /* libGTM_NSDictionary+URLArguments.a */; };
		ED7ED80B4F70478AB39E5BF0 /* libGTM_NSScannerJSON.a in Frameworks */ = {isa = PBXBuildFile; fileRef = 26FE7296470B4B7A9901AF92 /* libGTM_NSScannerJSON.a */; };
		D9DEA604BEAE4602B17A4C78 /* libGTM_NSStringHTML.a in Frameworks */ = {isa = PBXBuildFile; fileRef = A20469A546814353A6540FD6 /* libGTM_NSStringHTML.a */; };
		110670058B8847D091C23A67 /* libGTM_NSStringXML.a in Frameworks */ = {isa = PBXBuildFile; fileRef = A93B7BD06E8B4083821373D6 /* libGTM_NSStringXML.a */; };
		54B2AC54D70A4DE7ACB1E9C2 /* libGTM_Regex.a in Frameworks */ = {isa = PBXBuildFile; fileRef = 7569DBF12EDE47619C864ABB /* libGTM_Regex.a */; };
		8B198B75FAA6401F836CEC72 /* libGTM_RoundedRectPath.a in Frameworks */ = {isa = PBXBuildFile; fileRef = 65DE28B3B8F446A6A8A638D0 /* libGTM_RoundedRectPath.a */; };
		581D99D4B3674071B1DF9D4E /* libGTM_StringEncoding.a in Frameworks */ = {isa = PBXBuildFile; fileRef = D285E11ECB614C24AB05A5AA /* libGTM_StringEncoding.a */; };
		55C4C3E53A434A34AAA0424A /* libGTM_SystemVersion.a in Frameworks */ = {isa = PBXBuildFile; fileRef = D252E09274754469B4F86E8F /* libGTM_SystemVersion.a */; };
		28A377DC8BAA4B6493A27E66 /* libGTM_UIFont+LineHeight.a in Frameworks */ = {isa = PBXBuildFile; fileRef = 0B131525D78C4FA58331C27A /* libGTM_UIFont+LineHeight.a */; };
		BC6C70B3D82345789C4D4EF9 /* libGTM_core.a in Frameworks */ = {isa = PBXBuildFile; fileRef = 8625212443AE4EA29F1B864D /* libGTM_core.a */; };
		E21C8B49E93A4B6DACEFBACB /* libGTM_iPhone.a in Frameworks */ = {isa = PBXBuildFile; fileRef = AF6A3963B8C74F96BDD0DE7B /* libGTM_iPhone.a */; };
		140B39E20AD5483AAE23F66F /* libGcmLib.a in Frameworks */ = {isa = PBXBuildFile; fileRef = 8FBD4A9BECE0404B9C81517B /* libGcmLib.a */; };
		6F07406046434126977BD41E /* libProtocolBuffers.a in Frameworks */ = {isa = PBXBuildFile; fileRef = A0567E985D4D45E191E36E80 /* libProtocolBuffers.a */; };
		03FECF08340C4A4D91A6A098 /* AddressBook.framework in Frameworks */ = {isa = PBXBuildFile; fileRef = 2F45F00F7AFE4E58B4EF7C5D /* AddressBook.framework */; };
		489F12E20F964D1E82827A86 /* libsqlite3.tbd in Frameworks */ = {isa = PBXBuildFile; fileRef = 57A5DB7ACB754EBDA6F258BE /* libsqlite3.tbd */; };
		9E87360B30E24CB7A7300E25 /* libz.tbd in Frameworks */ = {isa = PBXBuildFile; fileRef = 929F9B25E7444F1AAA4BD92F /* libz.tbd */; };
		70F50CE3C37946C8809C3770 /* CDVDevice.m in Sources */ = {isa = PBXBuildFile; fileRef = 061496BD1FA14C1E947B318D /* CDVDevice.m */; };
		452E2591E86F405388E4EF48 /* CDVNotification.m in Sources */ = {isa = PBXBuildFile; fileRef = 2BEE69D2E2244B9F80C300A7 /* CDVNotification.m */; };
		F97DDC219210448896FC651E /* CDVNotification.bundle in Resources */ = {isa = PBXBuildFile; fileRef = 0512BD8017DF4022A2FC243A /* CDVNotification.bundle */; };
		E1E2483254344C1D830FDA87 /* AudioToolbox.framework in Frameworks */ = {isa = PBXBuildFile; fileRef = C7A8E0DD546543E6AD9D57AB /* AudioToolbox.framework */; settings = {ATTRIBUTES = (Weak, ); }; };
		E6530AE97E6149C7A050F1B7 /* CDVInAppBrowser.m in Sources */ = {isa = PBXBuildFile; fileRef = 89AFF225BA9A46B88C08B2B4 /* CDVInAppBrowser.m */; };
		7A65AF415963493AA67D449C /* CDVConnection.m in Sources */ = {isa = PBXBuildFile; fileRef = 14D1740AEDFC470B8A673905 /* CDVConnection.m */; };
		0B1640387999478E9B5B9F49 /* CDVReachability.m in Sources */ = {isa = PBXBuildFile; fileRef = 0D492F28AC0B43258113BC3E /* CDVReachability.m */; };
		9A06C7DD23C54C4B94401242 /* SystemConfiguration.framework in Frameworks */ = {isa = PBXBuildFile; fileRef = BA7F545E89C046459BB0C8B5 /* SystemConfiguration.framework */; settings = {ATTRIBUTES = (Weak, ); }; };
		1C582253475A475AAAF27E65 /* CoreTelephony.framework in Frameworks */ = {isa = PBXBuildFile; fileRef = 63C534C0704F49409F21035A /* CoreTelephony.framework */; };
		19D008A5A30D432F97B870E5 /* CDVStatusBar.m in Sources */ = {isa = PBXBuildFile; fileRef = 26B40109A18B4A1D94E81E5A /* CDVStatusBar.m */; };
		88250362F3004E8F95FF9D74 /* NSString+SSURLEncoding.m in Sources */ = {isa = PBXBuildFile; fileRef = DE66C54997A74F30AF58D838 /* NSString+SSURLEncoding.m */; };
		F09877B87F114567BA46AB12 /* SocialSharing.m in Sources */ = {isa = PBXBuildFile; fileRef = FE368A54856E4620A890479C /* SocialSharing.m */; };
		4F250A214DA1498F9678D3FD /* Social.framework in Frameworks */ = {isa = PBXBuildFile; fileRef = AA13E2F9A42F4CD793F7865D /* Social.framework */; settings = {ATTRIBUTES = (Weak, ); }; };
		7D36A0888CB645BFAB0B2BA7 /* MessageUI.framework in Frameworks */ = {isa = PBXBuildFile; fileRef = 88104D248A7C4D4C8E5B2F5B /* MessageUI.framework */; settings = {ATTRIBUTES = (Weak, ); }; };
/* End PBXBuildFile section */

/* Begin PBXContainerItemProxy section */
		301BF534109A57CC0062928A /* PBXContainerItemProxy */ = {
			isa = PBXContainerItemProxy;
			containerPortal = 301BF52D109A57CC0062928A /* CordovaLib.xcodeproj */;
			proxyType = 2;
			remoteGlobalIDString = D2AAC07E0554694100DB518D;
			remoteInfo = CordovaLib;
		};
		301BF550109A68C00062928A /* PBXContainerItemProxy */ = {
			isa = PBXContainerItemProxy;
			containerPortal = 301BF52D109A57CC0062928A /* CordovaLib.xcodeproj */;
			proxyType = 1;
			remoteGlobalIDString = D2AAC07D0554694100DB518D;
			remoteInfo = CordovaLib;
		};
/* End PBXContainerItemProxy section */

/* Begin PBXFileReference section */
		0207DA571B56EA530066E2B4 /* Images.xcassets */ = {isa = PBXFileReference; lastKnownFileType = folder.assetcatalog; name = Images.xcassets; path = "Marini Home Design/Images.xcassets"; sourceTree = SOURCE_ROOT; };
		1D3623240D0F684500981E51 /* AppDelegate.h */ = {isa = PBXFileReference; fileEncoding = 4; lastKnownFileType = sourcecode.c.h; path = AppDelegate.h; sourceTree = "<group>"; };
		1D3623250D0F684500981E51 /* AppDelegate.m */ = {isa = PBXFileReference; fileEncoding = 4; lastKnownFileType = sourcecode.c.objc; path = AppDelegate.m; sourceTree = "<group>"; };
		1D6058910D05DD3D006BFB54 /* Marini Home Design.app */ = {isa = PBXFileReference; explicitFileType = wrapper.application; includeInIndex = 0; path = "Marini Home Design.app"; sourceTree = BUILT_PRODUCTS_DIR; };
		29B97316FDCFA39411CA2CEA /* main.m */ = {isa = PBXFileReference; fileEncoding = 4; lastKnownFileType = sourcecode.c.objc; path = main.m; sourceTree = "<group>"; };
		301BF52D109A57CC0062928A /* CordovaLib.xcodeproj */ = {isa = PBXFileReference; lastKnownFileType = "wrapper.pb-project"; name = CordovaLib.xcodeproj; path = CordovaLib/CordovaLib.xcodeproj; sourceTree = "<group>"; };
		301BF56E109A69640062928A /* www */ = {isa = PBXFileReference; lastKnownFileType = folder; path = www; sourceTree = SOURCE_ROOT; };
		302D95EE14D2391D003F00A1 /* MainViewController.h */ = {isa = PBXFileReference; fileEncoding = 4; lastKnownFileType = sourcecode.c.h; path = MainViewController.h; sourceTree = "<group>"; };
		302D95EF14D2391D003F00A1 /* MainViewController.m */ = {isa = PBXFileReference; fileEncoding = 4; lastKnownFileType = sourcecode.c.objc; path = MainViewController.m; sourceTree = "<group>"; };
		302D95F014D2391D003F00A1 /* MainViewController.xib */ = {isa = PBXFileReference; fileEncoding = 4; lastKnownFileType = file.xib; path = MainViewController.xib; sourceTree = "<group>"; };
		3047A50F1AB8059700498E2A /* build-debug.xcconfig */ = {isa = PBXFileReference; fileEncoding = 4; lastKnownFileType = text.xcconfig; name = "build-debug.xcconfig"; path = cordova/build-debug.xcconfig; sourceTree = SOURCE_ROOT; };
		3047A5101AB8059700498E2A /* build-release.xcconfig */ = {isa = PBXFileReference; fileEncoding = 4; lastKnownFileType = text.xcconfig; name = "build-release.xcconfig"; path = cordova/build-release.xcconfig; sourceTree = SOURCE_ROOT; };
		3047A5111AB8059700498E2A /* build.xcconfig */ = {isa = PBXFileReference; fileEncoding = 4; lastKnownFileType = text.xcconfig; name = build.xcconfig; path = cordova/build.xcconfig; sourceTree = SOURCE_ROOT; };
		32CA4F630368D1EE00C91783 /* Marini Home Design-Prefix.pch */ = {isa = PBXFileReference; fileEncoding = 4; lastKnownFileType = sourcecode.c.h; path = "Marini Home Design-Prefix.pch"; sourceTree = "<group>"; };
		6AFF5BF81D6E424B00AB3073 /* CDVLaunchScreen.storyboard */ = {isa = PBXFileReference; fileEncoding = 4; lastKnownFileType = file.storyboard; name = CDVLaunchScreen.storyboard; path = "Marini Home Design/CDVLaunchScreen.storyboard"; sourceTree = SOURCE_ROOT; };
		8D1107310486CEB800E47090 /* Marini Home Design-Info.plist */ = {isa = PBXFileReference; fileEncoding = 4; lastKnownFileType = text.plist.xml; name = "Marini Home Design-Info.plist"; path = "Marini Home Design/Marini Home Design-Info.plist"; plistStructureDefinitionIdentifier = "com.apple.xcode.plist.structure-definition.iphone.info-plist"; sourceTree = SOURCE_ROOT; };
		EB87FDF31871DA8E0020F90C /* www */ = {isa = PBXFileReference; lastKnownFileType = folder; name = www; path = ../../www; sourceTree = "<group>"; };
		EB87FDF41871DAF40020F90C /* config.xml */ = {isa = PBXFileReference; lastKnownFileType = text.xml; name = config.xml; path = ../../config.xml; sourceTree = "<group>"; };
		F840E1F0165FE0F500CFE078 /* config.xml */ = {isa = PBXFileReference; lastKnownFileType = text.xml; name = config.xml; path = "Marini Home Design/config.xml"; sourceTree = "<group>"; };
		ED33DF2A687741AEAF9F8254 /* Bridging-Header.h */ = {isa = PBXFileReference; fileEncoding = 4; lastKnownFileType = sourcecode.c.h; name = "Bridging-Header.h"; path = "Bridging-Header.h"; sourceTree = "<group>"; };
		54C4338B17B04A6E8B5FB8AD /* AppDelegate+notification.m */ = {isa = PBXFileReference; name = "AppDelegate+notification.m"; path = "phonegap-plugin-push/AppDelegate+notification.m"; sourceTree = "<group>"; fileEncoding = 4; lastKnownFileType = sourcecode.c.objc; explicitFileType = undefined; includeInIndex = 0; };
		2BF72DD63B7642BFBAE3DB42 /* PushPlugin.m */ = {isa = PBXFileReference; name = "PushPlugin.m"; path = "phonegap-plugin-push/PushPlugin.m"; sourceTree = "<group>"; fileEncoding = 4; lastKnownFileType = sourcecode.c.objc; explicitFileType = undefined; includeInIndex = 0; };
		462F89643F8B4024815E0105 /* libGGLCloudMessaging.a */ = {isa = PBXFileReference; name = "libGGLCloudMessaging.a"; path = "Marini Home Design/Plugins/phonegap-plugin-push/GCM/Libraries/libGGLCloudMessaging.a"; sourceTree = "<group>"; fileEncoding = undefined; lastKnownFileType = archive.ar; explicitFileType = undefined; includeInIndex = 0; };
		60F4290E9C0549268E76D7F9 /* libGGLCore.a */ = {isa = PBXFileReference; name = "libGGLCore.a"; path = "Marini Home Design/Plugins/phonegap-plugin-push/GCM/Libraries/libGGLCore.a"; sourceTree = "<group>"; fileEncoding = undefined; lastKnownFileType = archive.ar; explicitFileType = undefined; includeInIndex = 0; };
		919A5CF714214FD080705D44 /* libGGLInstanceIDLib.a */ = {isa = PBXFileReference; name = "libGGLInstanceIDLib.a"; path = "Marini Home Design/Plugins/phonegap-plugin-push/GCM/Libraries/libGGLInstanceIDLib.a"; sourceTree = "<group>"; fileEncoding = undefined; lastKnownFileType = archive.ar; explicitFileType = undefined; includeInIndex = 0; };
		EF232183E72E46498C4BF50C /* libGIP_Reachability.a */ = {isa = PBXFileReference; name = "libGIP_Reachability.a"; path = "Marini Home Design/Plugins/phonegap-plugin-push/GCM/Libraries/libGIP_Reachability.a"; sourceTree = "<group>"; fileEncoding = undefined; lastKnownFileType = archive.ar; explicitFileType = undefined; includeInIndex = 0; };
		6DAE72A159BD49089697F5E5 /* libGSDK_Overload.a */ = {isa = PBXFileReference; name = "libGSDK_Overload.a"; path = "Marini Home Design/Plugins/phonegap-plugin-push/GCM/Libraries/libGSDK_Overload.a"; sourceTree = "<group>"; fileEncoding = undefined; lastKnownFileType = archive.ar; explicitFileType = undefined; includeInIndex = 0; };
		1EB49D5CB73B4E0AB78D3A3F /* libGTMSessionFetcher_core.a */ = {isa = PBXFileReference; name = "libGTMSessionFetcher_core.a"; path = "Marini Home Design/Plugins/phonegap-plugin-push/GCM/Libraries/libGTMSessionFetcher_core.a"; sourceTree = "<group>"; fileEncoding = undefined; lastKnownFileType = archive.ar; explicitFileType = undefined; includeInIndex = 0; };
		26C0686A5DE742B68CE3D1E7 /* libGTMSessionFetcher_full.a */ = {isa = PBXFileReference; name = "libGTMSessionFetcher_full.a"; path = "Marini Home Design/Plugins/phonegap-plugin-push/GCM/Libraries/libGTMSessionFetcher_full.a"; sourceTree = "<group>"; fileEncoding = undefined; lastKnownFileType = archive.ar; explicitFileType = undefined; includeInIndex = 0; };
		49031C7F12F342D6B1F8055F /* libGTMStackTrace.a */ = {isa = PBXFileReference; name = "libGTMStackTrace.a"; path = "Marini Home Design/Plugins/phonegap-plugin-push/GCM/Libraries/libGTMStackTrace.a"; sourceTree = "<group>"; fileEncoding = undefined; lastKnownFileType = archive.ar; explicitFileType = undefined; includeInIndex = 0; };
		E46D908C761C43BB80E70D75 /* libGTM_AddressBook.a */ = {isa = PBXFileReference; name = "libGTM_AddressBook.a"; path = "Marini Home Design/Plugins/phonegap-plugin-push/GCM/Libraries/libGTM_AddressBook.a"; sourceTree = "<group>"; fileEncoding = undefined; lastKnownFileType = archive.ar; explicitFileType = undefined; includeInIndex = 0; };
		27518A0B0D6B41B6B871608F /* libGTM_DebugUtils.a */ = {isa = PBXFileReference; name = "libGTM_DebugUtils.a"; path = "Marini Home Design/Plugins/phonegap-plugin-push/GCM/Libraries/libGTM_DebugUtils.a"; sourceTree = "<group>"; fileEncoding = undefined; lastKnownFileType = archive.ar; explicitFileType = undefined; includeInIndex = 0; };
		DA50C2F644EC4B33B4550BE8 /* libGTM_GTMURLBuilder.a */ = {isa = PBXFileReference; name = "libGTM_GTMURLBuilder.a"; path = "Marini Home Design/Plugins/phonegap-plugin-push/GCM/Libraries/libGTM_GTMURLBuilder.a"; sourceTree = "<group>"; fileEncoding = undefined; lastKnownFileType = archive.ar; explicitFileType = undefined; includeInIndex = 0; };
		AC6121AA871B429BB823CC86 /* libGTM_KVO.a */ = {isa = PBXFileReference; name = "libGTM_KVO.a"; path = "Marini Home Design/Plugins/phonegap-plugin-push/GCM/Libraries/libGTM_KVO.a"; sourceTree = "<group>"; fileEncoding = undefined; lastKnownFileType = archive.ar; explicitFileType = undefined; includeInIndex = 0; };
		49678950E0BA4987943636F9 /* libGTM_NSData+zlib.a */ = {isa = PBXFileReference; name = "libGTM_NSData+zlib.a"; path = "Marini Home Design/Plugins/phonegap-plugin-push/GCM/Libraries/libGTM_NSData+zlib.a"; sourceTree = "<group>"; fileEncoding = undefined; lastKnownFileType = archive.ar; explicitFileType = undefined; includeInIndex = 0; };
		52F29DE502714B68A5E5D710 /* libGTM_NSDictionary+URLArguments.a */ = {isa = PBXFileReference; name = "libGTM_NSDictionary+URLArguments.a"; path = "Marini Home Design/Plugins/phonegap-plugin-push/GCM/Libraries/libGTM_NSDictionary+URLArguments.a"; sourceTree = "<group>"; fileEncoding = undefined; lastKnownFileType = archive.ar; explicitFileType = undefined; includeInIndex = 0; };
		26FE7296470B4B7A9901AF92 /* libGTM_NSScannerJSON.a */ = {isa = PBXFileReference; name = "libGTM_NSScannerJSON.a"; path = "Marini Home Design/Plugins/phonegap-plugin-push/GCM/Libraries/libGTM_NSScannerJSON.a"; sourceTree = "<group>"; fileEncoding = undefined; lastKnownFileType = archive.ar; explicitFileType = undefined; includeInIndex = 0; };
		A20469A546814353A6540FD6 /* libGTM_NSStringHTML.a */ = {isa = PBXFileReference; name = "libGTM_NSStringHTML.a"; path = "Marini Home Design/Plugins/phonegap-plugin-push/GCM/Libraries/libGTM_NSStringHTML.a"; sourceTree = "<group>"; fileEncoding = undefined; lastKnownFileType = archive.ar; explicitFileType = undefined; includeInIndex = 0; };
		A93B7BD06E8B4083821373D6 /* libGTM_NSStringXML.a */ = {isa = PBXFileReference; name = "libGTM_NSStringXML.a"; path = "Marini Home Design/Plugins/phonegap-plugin-push/GCM/Libraries/libGTM_NSStringXML.a"; sourceTree = "<group>"; fileEncoding = undefined; lastKnownFileType = archive.ar; explicitFileType = undefined; includeInIndex = 0; };
		7569DBF12EDE47619C864ABB /* libGTM_Regex.a */ = {isa = PBXFileReference; name = "libGTM_Regex.a"; path = "Marini Home Design/Plugins/phonegap-plugin-push/GCM/Libraries/libGTM_Regex.a"; sourceTree = "<group>"; fileEncoding = undefined; lastKnownFileType = archive.ar; explicitFileType = undefined; includeInIndex = 0; };
		65DE28B3B8F446A6A8A638D0 /* libGTM_RoundedRectPath.a */ = {isa = PBXFileReference; name = "libGTM_RoundedRectPath.a"; path = "Marini Home Design/Plugins/phonegap-plugin-push/GCM/Libraries/libGTM_RoundedRectPath.a"; sourceTree = "<group>"; fileEncoding = undefined; lastKnownFileType = archive.ar; explicitFileType = undefined; includeInIndex = 0; };
		D285E11ECB614C24AB05A5AA /* libGTM_StringEncoding.a */ = {isa = PBXFileReference; name = "libGTM_StringEncoding.a"; path = "Marini Home Design/Plugins/phonegap-plugin-push/GCM/Libraries/libGTM_StringEncoding.a"; sourceTree = "<group>"; fileEncoding = undefined; lastKnownFileType = archive.ar; explicitFileType = undefined; includeInIndex = 0; };
		D252E09274754469B4F86E8F /* libGTM_SystemVersion.a */ = {isa = PBXFileReference; name = "libGTM_SystemVersion.a"; path = "Marini Home Design/Plugins/phonegap-plugin-push/GCM/Libraries/libGTM_SystemVersion.a"; sourceTree = "<group>"; fileEncoding = undefined; lastKnownFileType = archive.ar; explicitFileType = undefined; includeInIndex = 0; };
		0B131525D78C4FA58331C27A /* libGTM_UIFont+LineHeight.a */ = {isa = PBXFileReference; name = "libGTM_UIFont+LineHeight.a"; path = "Marini Home Design/Plugins/phonegap-plugin-push/GCM/Libraries/libGTM_UIFont+LineHeight.a"; sourceTree = "<group>"; fileEncoding = undefined; lastKnownFileType = archive.ar; explicitFileType = undefined; includeInIndex = 0; };
		8625212443AE4EA29F1B864D /* libGTM_core.a */ = {isa = PBXFileReference; name = "libGTM_core.a"; path = "Marini Home Design/Plugins/phonegap-plugin-push/GCM/Libraries/libGTM_core.a"; sourceTree = "<group>"; fileEncoding = undefined; lastKnownFileType = archive.ar; explicitFileType = undefined; includeInIndex = 0; };
		AF6A3963B8C74F96BDD0DE7B /* libGTM_iPhone.a */ = {isa = PBXFileReference; name = "libGTM_iPhone.a"; path = "Marini Home Design/Plugins/phonegap-plugin-push/GCM/Libraries/libGTM_iPhone.a"; sourceTree = "<group>"; fileEncoding = undefined; lastKnownFileType = archive.ar; explicitFileType = undefined; includeInIndex = 0; };
		8FBD4A9BECE0404B9C81517B /* libGcmLib.a */ = {isa = PBXFileReference; name = "libGcmLib.a"; path = "Marini Home Design/Plugins/phonegap-plugin-push/GCM/Libraries/libGcmLib.a"; sourceTree = "<group>"; fileEncoding = undefined; lastKnownFileType = archive.ar; explicitFileType = undefined; includeInIndex = 0; };
		A0567E985D4D45E191E36E80 /* libProtocolBuffers.a */ = {isa = PBXFileReference; name = "libProtocolBuffers.a"; path = "Marini Home Design/Plugins/phonegap-plugin-push/GCM/Libraries/libProtocolBuffers.a"; sourceTree = "<group>"; fileEncoding = undefined; lastKnownFileType = archive.ar; explicitFileType = undefined; includeInIndex = 0; };
		742447D413B34C239E53396D /* AppDelegate+notification.h */ = {isa = PBXFileReference; name = "AppDelegate+notification.h"; path = "phonegap-plugin-push/AppDelegate+notification.h"; sourceTree = "<group>"; fileEncoding = 4; lastKnownFileType = sourcecode.c.h; explicitFileType = undefined; includeInIndex = 0; };
		6DC330FDA0A34F6F904740C1 /* PushPlugin.h */ = {isa = PBXFileReference; name = "PushPlugin.h"; path = "phonegap-plugin-push/PushPlugin.h"; sourceTree = "<group>"; fileEncoding = 4; lastKnownFileType = sourcecode.c.h; explicitFileType = undefined; includeInIndex = 0; };
		936C537B8C0E4E87AE8F4DEE /* GGLInstanceID.h */ = {isa = PBXFileReference; name = "GGLInstanceID.h"; path = "phonegap-plugin-push/GCM/Headers/GGLInstanceID.h"; sourceTree = "<group>"; fileEncoding = 4; lastKnownFileType = sourcecode.c.h; explicitFileType = undefined; includeInIndex = 0; };
		A46B38FCBAA842DF86656485 /* GGLInstanceIDConfig.h */ = {isa = PBXFileReference; name = "GGLInstanceIDConfig.h"; path = "phonegap-plugin-push/GCM/Headers/GGLInstanceIDConfig.h"; sourceTree = "<group>"; fileEncoding = 4; lastKnownFileType = sourcecode.c.h; explicitFileType = undefined; includeInIndex = 0; };
		C025614A1B204581BC9B88D7 /* GGLInstanceIDDelegate.h */ = {isa = PBXFileReference; name = "GGLInstanceIDDelegate.h"; path = "phonegap-plugin-push/GCM/Headers/GGLInstanceIDDelegate.h"; sourceTree = "<group>"; fileEncoding = 4; lastKnownFileType = sourcecode.c.h; explicitFileType = undefined; includeInIndex = 0; };
		65A6F73E25AB4B90B9D0B797 /* GGLInstanceIDHeaders.h */ = {isa = PBXFileReference; name = "GGLInstanceIDHeaders.h"; path = "phonegap-plugin-push/GCM/Headers/GGLInstanceIDHeaders.h"; sourceTree = "<group>"; fileEncoding = 4; lastKnownFileType = sourcecode.c.h; explicitFileType = undefined; includeInIndex = 0; };
		79C3F78A8AC948C7A3100789 /* CloudMessaging.h */ = {isa = PBXFileReference; name = "CloudMessaging.h"; path = "phonegap-plugin-push/GCM/Headers/CloudMessaging.h"; sourceTree = "<group>"; fileEncoding = 4; lastKnownFileType = sourcecode.c.h; explicitFileType = undefined; includeInIndex = 0; };
		53F8FDA1B54A4D9A9DA21FA2 /* GGLContext+CloudMessaging.h */ = {isa = PBXFileReference; name = "GGLContext+CloudMessaging.h"; path = "phonegap-plugin-push/GCM/Headers/GGLContext+CloudMessaging.h"; sourceTree = "<group>"; fileEncoding = 4; lastKnownFileType = sourcecode.c.h; explicitFileType = undefined; includeInIndex = 0; };
		7F120C9C502E4239804B5556 /* Core.h */ = {isa = PBXFileReference; name = "Core.h"; path = "phonegap-plugin-push/GCM/Headers/Core.h"; sourceTree = "<group>"; fileEncoding = 4; lastKnownFileType = sourcecode.c.h; explicitFileType = undefined; includeInIndex = 0; };
		DBFB093EB9134ABE8594C369 /* GGLConfiguration.h */ = {isa = PBXFileReference; name = "GGLConfiguration.h"; path = "phonegap-plugin-push/GCM/Headers/GGLConfiguration.h"; sourceTree = "<group>"; fileEncoding = 4; lastKnownFileType = sourcecode.c.h; explicitFileType = undefined; includeInIndex = 0; };
		497F2270D6124F97A3189CEC /* GGLContext.h */ = {isa = PBXFileReference; name = "GGLContext.h"; path = "phonegap-plugin-push/GCM/Headers/GGLContext.h"; sourceTree = "<group>"; fileEncoding = 4; lastKnownFileType = sourcecode.c.h; explicitFileType = undefined; includeInIndex = 0; };
		08B61213B5DB4339BACAAC6F /* GGLErrorCode.h */ = {isa = PBXFileReference; name = "GGLErrorCode.h"; path = "phonegap-plugin-push/GCM/Headers/GGLErrorCode.h"; sourceTree = "<group>"; fileEncoding = 4; lastKnownFileType = sourcecode.c.h; explicitFileType = undefined; includeInIndex = 0; };
		18956AAACBC24DDE96732F14 /* GCMConfig.h */ = {isa = PBXFileReference; name = "GCMConfig.h"; path = "phonegap-plugin-push/GCM/Headers/GCMConfig.h"; sourceTree = "<group>"; fileEncoding = 4; lastKnownFileType = sourcecode.c.h; explicitFileType = undefined; includeInIndex = 0; };
		1E650DC5FEFD4F1987D03E17 /* GCMPubSub.h */ = {isa = PBXFileReference; name = "GCMPubSub.h"; path = "phonegap-plugin-push/GCM/Headers/GCMPubSub.h"; sourceTree = "<group>"; fileEncoding = 4; lastKnownFileType = sourcecode.c.h; explicitFileType = undefined; includeInIndex = 0; };
		7D97B7C94ED747ACAA2DBAD5 /* GCMReceiverDelegate.h */ = {isa = PBXFileReference; name = "GCMReceiverDelegate.h"; path = "phonegap-plugin-push/GCM/Headers/GCMReceiverDelegate.h"; sourceTree = "<group>"; fileEncoding = 4; lastKnownFileType = sourcecode.c.h; explicitFileType = undefined; includeInIndex = 0; };
		A87905E4D30D4EC19B1A0389 /* GCMService.h */ = {isa = PBXFileReference; name = "GCMService.h"; path = "phonegap-plugin-push/GCM/Headers/GCMService.h"; sourceTree = "<group>"; fileEncoding = 4; lastKnownFileType = sourcecode.c.h; explicitFileType = undefined; includeInIndex = 0; };
		4EE0B183840A487E8B558380 /* GoogleCloudMessaging.h */ = {isa = PBXFileReference; name = "GoogleCloudMessaging.h"; path = "phonegap-plugin-push/GCM/Headers/GoogleCloudMessaging.h"; sourceTree = "<group>"; fileEncoding = 4; lastKnownFileType = sourcecode.c.h; explicitFileType = undefined; includeInIndex = 0; };
		2F45F00F7AFE4E58B4EF7C5D /* AddressBook.framework */ = {isa = PBXFileReference; name = "AddressBook.framework"; path = "System/Library/Frameworks/AddressBook.framework"; sourceTree = SDKROOT; fileEncoding = undefined; lastKnownFileType = wrapper.framework; explicitFileType = undefined; includeInIndex = 0; };
		57A5DB7ACB754EBDA6F258BE /* libsqlite3.tbd */ = {isa = PBXFileReference; name = "libsqlite3.tbd"; path = "usr/lib/libsqlite3.tbd"; sourceTree = SDKROOT; fileEncoding = undefined; lastKnownFileType = sourcecode.text-based-dylib-definition; explicitFileType = undefined; includeInIndex = 0; };
		929F9B25E7444F1AAA4BD92F /* libz.tbd */ = {isa = PBXFileReference; name = "libz.tbd"; path = "usr/lib/libz.tbd"; sourceTree = SDKROOT; fileEncoding = undefined; lastKnownFileType = sourcecode.text-based-dylib-definition; explicitFileType = undefined; includeInIndex = 0; };
		061496BD1FA14C1E947B318D /* CDVDevice.m */ = {isa = PBXFileReference; name = "CDVDevice.m"; path = "cordova-plugin-device/CDVDevice.m"; sourceTree = "<group>"; fileEncoding = 4; lastKnownFileType = sourcecode.c.objc; explicitFileType = undefined; includeInIndex = 0; };
		76CCAB4D9A7242918E6F63B8 /* CDVDevice.h */ = {isa = PBXFileReference; name = "CDVDevice.h"; path = "cordova-plugin-device/CDVDevice.h"; sourceTree = "<group>"; fileEncoding = 4; lastKnownFileType = sourcecode.c.h; explicitFileType = undefined; includeInIndex = 0; };
		2BEE69D2E2244B9F80C300A7 /* CDVNotification.m */ = {isa = PBXFileReference; name = "CDVNotification.m"; path = "cordova-plugin-dialogs/CDVNotification.m"; sourceTree = "<group>"; fileEncoding = 4; lastKnownFileType = sourcecode.c.objc; explicitFileType = undefined; includeInIndex = 0; };
		F02019128C7E450694F7BA20 /* CDVNotification.h */ = {isa = PBXFileReference; name = "CDVNotification.h"; path = "cordova-plugin-dialogs/CDVNotification.h"; sourceTree = "<group>"; fileEncoding = 4; lastKnownFileType = sourcecode.c.h; explicitFileType = undefined; includeInIndex = 0; };
		0512BD8017DF4022A2FC243A /* CDVNotification.bundle */ = {isa = PBXFileReference; name = "CDVNotification.bundle"; path = "CDVNotification.bundle"; sourceTree = "<group>"; fileEncoding = undefined; lastKnownFileType = wrapper.plug-in; explicitFileType = undefined; includeInIndex = 0; };
		C7A8E0DD546543E6AD9D57AB /* AudioToolbox.framework */ = {isa = PBXFileReference; name = "AudioToolbox.framework"; path = "System/Library/Frameworks/AudioToolbox.framework"; sourceTree = SDKROOT; fileEncoding = undefined; lastKnownFileType = wrapper.framework; explicitFileType = undefined; includeInIndex = 0; };
		89AFF225BA9A46B88C08B2B4 /* CDVInAppBrowser.m */ = {isa = PBXFileReference; name = "CDVInAppBrowser.m"; path = "cordova-plugin-inappbrowser/CDVInAppBrowser.m"; sourceTree = "<group>"; fileEncoding = 4; lastKnownFileType = sourcecode.c.objc; explicitFileType = undefined; includeInIndex = 0; };
		128B770E830241C48B39F842 /* CDVInAppBrowser.h */ = {isa = PBXFileReference; name = "CDVInAppBrowser.h"; path = "cordova-plugin-inappbrowser/CDVInAppBrowser.h"; sourceTree = "<group>"; fileEncoding = 4; lastKnownFileType = sourcecode.c.h; explicitFileType = undefined; includeInIndex = 0; };
		14D1740AEDFC470B8A673905 /* CDVConnection.m */ = {isa = PBXFileReference; name = "CDVConnection.m"; path = "cordova-plugin-network-information/CDVConnection.m"; sourceTree = "<group>"; fileEncoding = 4; lastKnownFileType = sourcecode.c.objc; explicitFileType = undefined; includeInIndex = 0; };
		0D492F28AC0B43258113BC3E /* CDVReachability.m */ = {isa = PBXFileReference; name = "CDVReachability.m"; path = "cordova-plugin-network-information/CDVReachability.m"; sourceTree = "<group>"; fileEncoding = 4; lastKnownFileType = sourcecode.c.objc; explicitFileType = undefined; includeInIndex = 0; };
		E230DF07CA1A4F4BBCA712B2 /* CDVConnection.h */ = {isa = PBXFileReference; name = "CDVConnection.h"; path = "cordova-plugin-network-information/CDVConnection.h"; sourceTree = "<group>"; fileEncoding = 4; lastKnownFileType = sourcecode.c.h; explicitFileType = undefined; includeInIndex = 0; };
		77D4674FA1FE4CEA86B7D657 /* CDVReachability.h */ = {isa = PBXFileReference; name = "CDVReachability.h"; path = "cordova-plugin-network-information/CDVReachability.h"; sourceTree = "<group>"; fileEncoding = 4; lastKnownFileType = sourcecode.c.h; explicitFileType = undefined; includeInIndex = 0; };
		BA7F545E89C046459BB0C8B5 /* SystemConfiguration.framework */ = {isa = PBXFileReference; name = "SystemConfiguration.framework"; path = "System/Library/Frameworks/SystemConfiguration.framework"; sourceTree = SDKROOT; fileEncoding = undefined; lastKnownFileType = wrapper.framework; explicitFileType = undefined; includeInIndex = 0; };
		63C534C0704F49409F21035A /* CoreTelephony.framework */ = {isa = PBXFileReference; name = "CoreTelephony.framework"; path = "System/Library/Frameworks/CoreTelephony.framework"; sourceTree = SDKROOT; fileEncoding = undefined; lastKnownFileType = wrapper.framework; explicitFileType = undefined; includeInIndex = 0; };
		26B40109A18B4A1D94E81E5A /* CDVStatusBar.m */ = {isa = PBXFileReference; name = "CDVStatusBar.m"; path = "cordova-plugin-statusbar/CDVStatusBar.m"; sourceTree = "<group>"; fileEncoding = 4; lastKnownFileType = sourcecode.c.objc; explicitFileType = undefined; includeInIndex = 0; };
		FE67AE5A4CE04AD2B44F72D1 /* CDVStatusBar.h */ = {isa = PBXFileReference; name = "CDVStatusBar.h"; path = "cordova-plugin-statusbar/CDVStatusBar.h"; sourceTree = "<group>"; fileEncoding = 4; lastKnownFileType = sourcecode.c.h; explicitFileType = undefined; includeInIndex = 0; };
		DE66C54997A74F30AF58D838 /* NSString+SSURLEncoding.m */ = {isa = PBXFileReference; name = "NSString+SSURLEncoding.m"; path = "cordova-plugin-x-socialsharing/NSString+SSURLEncoding.m"; sourceTree = "<group>"; fileEncoding = 4; lastKnownFileType = sourcecode.c.objc; explicitFileType = undefined; includeInIndex = 0; };
		FE368A54856E4620A890479C /* SocialSharing.m */ = {isa = PBXFileReference; name = "SocialSharing.m"; path = "cordova-plugin-x-socialsharing/SocialSharing.m"; sourceTree = "<group>"; fileEncoding = 4; lastKnownFileType = sourcecode.c.objc; explicitFileType = undefined; includeInIndex = 0; };
		47FBFE7740794319915E417A /* NSString+SSURLEncoding.h */ = {isa = PBXFileReference; name = "NSString+SSURLEncoding.h"; path = "cordova-plugin-x-socialsharing/NSString+SSURLEncoding.h"; sourceTree = "<group>"; fileEncoding = 4; lastKnownFileType = sourcecode.c.h; explicitFileType = undefined; includeInIndex = 0; };
		59AED1BDAF5B416D89743DBB /* SocialSharing.h */ = {isa = PBXFileReference; name = "SocialSharing.h"; path = "cordova-plugin-x-socialsharing/SocialSharing.h"; sourceTree = "<group>"; fileEncoding = 4; lastKnownFileType = sourcecode.c.h; explicitFileType = undefined; includeInIndex = 0; };
		AA13E2F9A42F4CD793F7865D /* Social.framework */ = {isa = PBXFileReference; name = "Social.framework"; path = "System/Library/Frameworks/Social.framework"; sourceTree = SDKROOT; fileEncoding = undefined; lastKnownFileType = wrapper.framework; explicitFileType = undefined; includeInIndex = 0; };
		88104D248A7C4D4C8E5B2F5B /* MessageUI.framework */ = {isa = PBXFileReference; name = "MessageUI.framework"; path = "System/Library/Frameworks/MessageUI.framework"; sourceTree = SDKROOT; fileEncoding = undefined; lastKnownFileType = wrapper.framework; explicitFileType = undefined; includeInIndex = 0; };
/* End PBXFileReference section */

/* Begin PBXFrameworksBuildPhase section */
		1D60588F0D05DD3D006BFB54 /* Frameworks */ = {
			isa = PBXFrameworksBuildPhase;
			buildActionMask = 2147483647;
			files = (
				301BF552109A68D80062928A /* libCordova.a in Frameworks */,
				D71FC6CA2D264B3394D2ED1E /* libGGLCloudMessaging.a in Frameworks */,
				A9FCBF9B809442CE98340817 /* libGGLCore.a in Frameworks */,
				CD2C72C59D5444A19A3B59F5 /* libGGLInstanceIDLib.a in Frameworks */,
				43B51E787A6F41308ADB1C7B /* libGIP_Reachability.a in Frameworks */,
				5FF243DA202B4C6485C81CA1 /* libGSDK_Overload.a in Frameworks */,
				EC10A1227C714EF29709A103 /* libGTMSessionFetcher_core.a in Frameworks */,
				031401C1394E4356A5F7AC6F /* libGTMSessionFetcher_full.a in Frameworks */,
				B0756150A66041F59D82A412 /* libGTMStackTrace.a in Frameworks */,
				3476F86C2BBF432DAB09CCD4 /* libGTM_AddressBook.a in Frameworks */,
				8503AA653848458DA8128339 /* libGTM_DebugUtils.a in Frameworks */,
				8EE6CFD8328649DABE88F3BF /* libGTM_GTMURLBuilder.a in Frameworks */,
				565774D1B4974E348C46BAE1 /* libGTM_KVO.a in Frameworks */,
				F2D9931437914D6AA9CBD4BF /* libGTM_NSData+zlib.a in Frameworks */,
				648F8B7FF40443E59396F506 /* libGTM_NSDictionary+URLArguments.a in Frameworks */,
				ED7ED80B4F70478AB39E5BF0 /* libGTM_NSScannerJSON.a in Frameworks */,
				D9DEA604BEAE4602B17A4C78 /* libGTM_NSStringHTML.a in Frameworks */,
				110670058B8847D091C23A67 /* libGTM_NSStringXML.a in Frameworks */,
				54B2AC54D70A4DE7ACB1E9C2 /* libGTM_Regex.a in Frameworks */,
				8B198B75FAA6401F836CEC72 /* libGTM_RoundedRectPath.a in Frameworks */,
				581D99D4B3674071B1DF9D4E /* libGTM_StringEncoding.a in Frameworks */,
				55C4C3E53A434A34AAA0424A /* libGTM_SystemVersion.a in Frameworks */,
				28A377DC8BAA4B6493A27E66 /* libGTM_UIFont+LineHeight.a in Frameworks */,
				BC6C70B3D82345789C4D4EF9 /* libGTM_core.a in Frameworks */,
				E21C8B49E93A4B6DACEFBACB /* libGTM_iPhone.a in Frameworks */,
				140B39E20AD5483AAE23F66F /* libGcmLib.a in Frameworks */,
				6F07406046434126977BD41E /* libProtocolBuffers.a in Frameworks */,
				03FECF08340C4A4D91A6A098 /* AddressBook.framework in Frameworks */,
				489F12E20F964D1E82827A86 /* libsqlite3.tbd in Frameworks */,
				9E87360B30E24CB7A7300E25 /* libz.tbd in Frameworks */,
				E1E2483254344C1D830FDA87 /* AudioToolbox.framework in Frameworks */,
				9A06C7DD23C54C4B94401242 /* SystemConfiguration.framework in Frameworks */,
				1C582253475A475AAAF27E65 /* CoreTelephony.framework in Frameworks */,
				4F250A214DA1498F9678D3FD /* Social.framework in Frameworks */,
				7D36A0888CB645BFAB0B2BA7 /* MessageUI.framework in Frameworks */,
			);
			runOnlyForDeploymentPostprocessing = 0;
		};
/* End PBXFrameworksBuildPhase section */

/* Begin PBXGroup section */
		080E96DDFE201D6D7F000001 /* Classes */ = {
			isa = PBXGroup;
			children = (
				302D95EE14D2391D003F00A1 /* MainViewController.h */,
				302D95EF14D2391D003F00A1 /* MainViewController.m */,
				302D95F014D2391D003F00A1 /* MainViewController.xib */,
				1D3623240D0F684500981E51 /* AppDelegate.h */,
				1D3623250D0F684500981E51 /* AppDelegate.m */,
			);
			name = Classes;
			path = "Marini Home Design/Classes";
			sourceTree = SOURCE_ROOT;
		};
		19C28FACFE9D520D11CA2CBB /* Products */ = {
			isa = PBXGroup;
			children = (
				1D6058910D05DD3D006BFB54 /* Marini Home Design.app */,
			);
			name = Products;
			sourceTree = "<group>";
		};
		29B97314FDCFA39411CA2CEA /* CustomTemplate */ = {
			isa = PBXGroup;
			children = (
				EB87FDF41871DAF40020F90C /* config.xml */,
				EB87FDF31871DA8E0020F90C /* www */,
				EB87FDF11871DA420020F90C /* Staging */,
				301BF52D109A57CC0062928A /* CordovaLib.xcodeproj */,
				080E96DDFE201D6D7F000001 /* Classes */,
				307C750510C5A3420062BCA9 /* Plugins */,
				29B97315FDCFA39411CA2CEA /* Other Sources */,
				29B97317FDCFA39411CA2CEA /* Resources */,
				29B97323FDCFA39411CA2CEA /* Frameworks */,
				19C28FACFE9D520D11CA2CBB /* Products */,
			);
			name = CustomTemplate;
			sourceTree = "<group>";
		};
		29B97315FDCFA39411CA2CEA /* Other Sources */ = {
			isa = PBXGroup;
			children = (
				32CA4F630368D1EE00C91783 /* Marini Home Design-Prefix.pch */,
				29B97316FDCFA39411CA2CEA /* main.m */,
				ED33DF2A687741AEAF9F8254 /* Bridging-Header.h */,
			);
			name = "Other Sources";
			path = "Marini Home Design";
			sourceTree = "<group>";
		};
		29B97317FDCFA39411CA2CEA /* Resources */ = {
			isa = PBXGroup;
			children = (
				0207DA571B56EA530066E2B4 /* Images.xcassets */,
				3047A50E1AB8057F00498E2A /* config */,
				8D1107310486CEB800E47090 /* Marini Home Design-Info.plist */,
				6AFF5BF81D6E424B00AB3073 /* CDVLaunchScreen.storyboard */,
				0512BD8017DF4022A2FC243A /* CDVNotification.bundle */,
			);
			name = Resources;
			path = "Marini Home Design/Resources";
			sourceTree = "<group>";
		};
		29B97323FDCFA39411CA2CEA /* Frameworks */ = {
			isa = PBXGroup;
			children = (
				462F89643F8B4024815E0105 /* libGGLCloudMessaging.a */,
				60F4290E9C0549268E76D7F9 /* libGGLCore.a */,
				919A5CF714214FD080705D44 /* libGGLInstanceIDLib.a */,
				EF232183E72E46498C4BF50C /* libGIP_Reachability.a */,
				6DAE72A159BD49089697F5E5 /* libGSDK_Overload.a */,
				1EB49D5CB73B4E0AB78D3A3F /* libGTMSessionFetcher_core.a */,
				26C0686A5DE742B68CE3D1E7 /* libGTMSessionFetcher_full.a */,
				49031C7F12F342D6B1F8055F /* libGTMStackTrace.a */,
				E46D908C761C43BB80E70D75 /* libGTM_AddressBook.a */,
				27518A0B0D6B41B6B871608F /* libGTM_DebugUtils.a */,
				DA50C2F644EC4B33B4550BE8 /* libGTM_GTMURLBuilder.a */,
				AC6121AA871B429BB823CC86 /* libGTM_KVO.a */,
				49678950E0BA4987943636F9 /* libGTM_NSData+zlib.a */,
				52F29DE502714B68A5E5D710 /* libGTM_NSDictionary+URLArguments.a */,
				26FE7296470B4B7A9901AF92 /* libGTM_NSScannerJSON.a */,
				A20469A546814353A6540FD6 /* libGTM_NSStringHTML.a */,
				A93B7BD06E8B4083821373D6 /* libGTM_NSStringXML.a */,
				7569DBF12EDE47619C864ABB /* libGTM_Regex.a */,
				65DE28B3B8F446A6A8A638D0 /* libGTM_RoundedRectPath.a */,
				D285E11ECB614C24AB05A5AA /* libGTM_StringEncoding.a */,
				D252E09274754469B4F86E8F /* libGTM_SystemVersion.a */,
				0B131525D78C4FA58331C27A /* libGTM_UIFont+LineHeight.a */,
				8625212443AE4EA29F1B864D /* libGTM_core.a */,
				AF6A3963B8C74F96BDD0DE7B /* libGTM_iPhone.a */,
				8FBD4A9BECE0404B9C81517B /* libGcmLib.a */,
				A0567E985D4D45E191E36E80 /* libProtocolBuffers.a */,
				2F45F00F7AFE4E58B4EF7C5D /* AddressBook.framework */,
				57A5DB7ACB754EBDA6F258BE /* libsqlite3.tbd */,
				929F9B25E7444F1AAA4BD92F /* libz.tbd */,
				C7A8E0DD546543E6AD9D57AB /* AudioToolbox.framework */,
				BA7F545E89C046459BB0C8B5 /* SystemConfiguration.framework */,
				63C534C0704F49409F21035A /* CoreTelephony.framework */,
				AA13E2F9A42F4CD793F7865D /* Social.framework */,
				88104D248A7C4D4C8E5B2F5B /* MessageUI.framework */,
			);
			name = Frameworks;
			sourceTree = "<group>";
		};
		301BF52E109A57CC0062928A /* Products */ = {
			isa = PBXGroup;
			children = (
				301BF535109A57CC0062928A /* libCordova.a */,
			);
			name = Products;
			sourceTree = "<group>";
		};
		3047A50E1AB8057F00498E2A /* config */ = {
			isa = PBXGroup;
			children = (
				3047A50F1AB8059700498E2A /* build-debug.xcconfig */,
				3047A5101AB8059700498E2A /* build-release.xcconfig */,
				3047A5111AB8059700498E2A /* build.xcconfig */,
			);
			name = config;
			sourceTree = "<group>";
		};
		307C750510C5A3420062BCA9 /* Plugins */ = {
			isa = PBXGroup;
			children = (
				54C4338B17B04A6E8B5FB8AD /* AppDelegate+notification.m */,
				2BF72DD63B7642BFBAE3DB42 /* PushPlugin.m */,
				742447D413B34C239E53396D /* AppDelegate+notification.h */,
				6DC330FDA0A34F6F904740C1 /* PushPlugin.h */,
				936C537B8C0E4E87AE8F4DEE /* GGLInstanceID.h */,
				A46B38FCBAA842DF86656485 /* GGLInstanceIDConfig.h */,
				C025614A1B204581BC9B88D7 /* GGLInstanceIDDelegate.h */,
				65A6F73E25AB4B90B9D0B797 /* GGLInstanceIDHeaders.h */,
				79C3F78A8AC948C7A3100789 /* CloudMessaging.h */,
				53F8FDA1B54A4D9A9DA21FA2 /* GGLContext+CloudMessaging.h */,
				7F120C9C502E4239804B5556 /* Core.h */,
				DBFB093EB9134ABE8594C369 /* GGLConfiguration.h */,
				497F2270D6124F97A3189CEC /* GGLContext.h */,
				08B61213B5DB4339BACAAC6F /* GGLErrorCode.h */,
				18956AAACBC24DDE96732F14 /* GCMConfig.h */,
				1E650DC5FEFD4F1987D03E17 /* GCMPubSub.h */,
				7D97B7C94ED747ACAA2DBAD5 /* GCMReceiverDelegate.h */,
				A87905E4D30D4EC19B1A0389 /* GCMService.h */,
				4EE0B183840A487E8B558380 /* GoogleCloudMessaging.h */,
				061496BD1FA14C1E947B318D /* CDVDevice.m */,
				76CCAB4D9A7242918E6F63B8 /* CDVDevice.h */,
				2BEE69D2E2244B9F80C300A7 /* CDVNotification.m */,
				F02019128C7E450694F7BA20 /* CDVNotification.h */,
				89AFF225BA9A46B88C08B2B4 /* CDVInAppBrowser.m */,
				128B770E830241C48B39F842 /* CDVInAppBrowser.h */,
				14D1740AEDFC470B8A673905 /* CDVConnection.m */,
				0D492F28AC0B43258113BC3E /* CDVReachability.m */,
				E230DF07CA1A4F4BBCA712B2 /* CDVConnection.h */,
				77D4674FA1FE4CEA86B7D657 /* CDVReachability.h */,
				26B40109A18B4A1D94E81E5A /* CDVStatusBar.m */,
				FE67AE5A4CE04AD2B44F72D1 /* CDVStatusBar.h */,
				DE66C54997A74F30AF58D838 /* NSString+SSURLEncoding.m */,
				FE368A54856E4620A890479C /* SocialSharing.m */,
				47FBFE7740794319915E417A /* NSString+SSURLEncoding.h */,
				59AED1BDAF5B416D89743DBB /* SocialSharing.h */,
			);
			name = Plugins;
			path = "Marini Home Design/Plugins";
			sourceTree = SOURCE_ROOT;
		};
		EB87FDF11871DA420020F90C /* Staging */ = {
			isa = PBXGroup;
			children = (
				F840E1F0165FE0F500CFE078 /* config.xml */,
				301BF56E109A69640062928A /* www */,
			);
			name = Staging;
			sourceTree = "<group>";
		};
/* End PBXGroup section */

/* Begin PBXNativeTarget section */
		1D6058900D05DD3D006BFB54 /* Marini Home Design */ = {
			isa = PBXNativeTarget;
			buildConfigurationList = 1D6058960D05DD3E006BFB54 /* Build configuration list for PBXNativeTarget "Marini Home Design" */;
			buildPhases = (
				304B58A110DAC018002A0835 /* Copy www directory */,
				1D60588D0D05DD3D006BFB54 /* Resources */,
				1D60588E0D05DD3D006BFB54 /* Sources */,
				1D60588F0D05DD3D006BFB54 /* Frameworks */,
			);
			buildRules = (
			);
			dependencies = (
				301BF551109A68C00062928A /* PBXTargetDependency */,
			);
			name = "Marini Home Design";
			productName = "Marini Home Design";
			productReference = 1D6058910D05DD3D006BFB54 /* Marini Home Design.app */;
			productType = "com.apple.product-type.application";
		};
/* End PBXNativeTarget section */

/* Begin PBXProject section */
		29B97313FDCFA39411CA2CEA /* Project object */ = {
			isa = PBXProject;
			attributes = {
				LastUpgradeCheck = 510;
			};
			buildConfigurationList = C01FCF4E08A954540054247B /* Build configuration list for PBXProject "__NON-CLI__" */;
			compatibilityVersion = "Xcode 3.2";
			developmentRegion = English;
			hasScannedForEncodings = 1;
			mainGroup = 29B97314FDCFA39411CA2CEA /* CustomTemplate */;
			projectDirPath = "";
			projectReferences = (
				{
					ProductGroup = 301BF52E109A57CC0062928A /* Products */;
					ProjectRef = 301BF52D109A57CC0062928A /* CordovaLib.xcodeproj */;
				},
			);
			projectRoot = "";
			targets = (
				1D6058900D05DD3D006BFB54 /* Marini Home Design */,
			);
		};
/* End PBXProject section */

/* Begin PBXReferenceProxy section */
		301BF535109A57CC0062928A /* libCordova.a */ = {
			isa = PBXReferenceProxy;
			fileType = archive.ar;
			path = libCordova.a;
			remoteRef = 301BF534109A57CC0062928A /* PBXContainerItemProxy */;
			sourceTree = BUILT_PRODUCTS_DIR;
		};
/* End PBXReferenceProxy section */

/* Begin PBXResourcesBuildPhase section */
		1D60588D0D05DD3D006BFB54 /* Resources */ = {
			isa = PBXResourcesBuildPhase;
			buildActionMask = 2147483647;
			files = (
				302D95F214D2391D003F00A1 /* MainViewController.xib in Resources */,
				0207DA581B56EA530066E2B4 /* Images.xcassets in Resources */,
				6AFF5BF91D6E424B00AB3073 /* CDVLaunchScreen.storyboard in Resources */,
				F97DDC219210448896FC651E /* CDVNotification.bundle in Resources */,
			);
			runOnlyForDeploymentPostprocessing = 0;
		};
/* End PBXResourcesBuildPhase section */

/* Begin PBXShellScriptBuildPhase section */
		304B58A110DAC018002A0835 /* Copy www directory */ = {
			isa = PBXShellScriptBuildPhase;
			buildActionMask = 2147483647;
			files = (
			);
			inputPaths = (
			);
			name = "Copy www directory";
			outputPaths = (
			);
			runOnlyForDeploymentPostprocessing = 0;
			shellPath = /bin/sh;
			shellScript = "NODEJS_PATH=/usr/local/bin; NVM_NODE_PATH=~/.nvm/versions/node/`nvm version 2>/dev/null`/bin; N_NODE_PATH=`find /usr/local/n/versions/node/* -maxdepth 0 -type d 2>/dev/null | tail -1`/bin; XCODE_NODE_PATH=`xcode-select --print-path`/usr/share/xcs/Node/bin; PATH=$NODEJS_PATH:$NVM_NODE_PATH:$N_NODE_PATH:$XCODE_NODE_PATH:$PATH && node cordova/lib/copy-www-build-step.js";
			showEnvVarsInLog = 0;
		};
/* End PBXShellScriptBuildPhase section */

/* Begin PBXSourcesBuildPhase section */
		1D60588E0D05DD3D006BFB54 /* Sources */ = {
			isa = PBXSourcesBuildPhase;
			buildActionMask = 2147483647;
			files = (
				1D60589B0D05DD56006BFB54 /* main.m in Sources */,
				1D3623260D0F684500981E51 /* AppDelegate.m in Sources */,
				302D95F114D2391D003F00A1 /* MainViewController.m in Sources */,
				3343443A91CB4B73A646DA96 /* AppDelegate+notification.m in Sources */,
				F63B848AA4924B04865C206C /* PushPlugin.m in Sources */,
				70F50CE3C37946C8809C3770 /* CDVDevice.m in Sources */,
				452E2591E86F405388E4EF48 /* CDVNotification.m in Sources */,
				E6530AE97E6149C7A050F1B7 /* CDVInAppBrowser.m in Sources */,
				7A65AF415963493AA67D449C /* CDVConnection.m in Sources */,
				0B1640387999478E9B5B9F49 /* CDVReachability.m in Sources */,
				19D008A5A30D432F97B870E5 /* CDVStatusBar.m in Sources */,
				88250362F3004E8F95FF9D74 /* NSString+SSURLEncoding.m in Sources */,
				F09877B87F114567BA46AB12 /* SocialSharing.m in Sources */,
			);
			runOnlyForDeploymentPostprocessing = 0;
		};
/* End PBXSourcesBuildPhase section */

/* Begin PBXTargetDependency section */
		301BF551109A68C00062928A /* PBXTargetDependency */ = {
			isa = PBXTargetDependency;
			name = CordovaLib;
			targetProxy = 301BF550109A68C00062928A /* PBXContainerItemProxy */;
		};
/* End PBXTargetDependency section */

/* Begin XCBuildConfiguration section */
		1D6058940D05DD3E006BFB54 /* Debug */ = {
			isa = XCBuildConfiguration;
			baseConfigurationReference = 3047A50F1AB8059700498E2A /* build-debug.xcconfig */;
			buildSettings = {
				ALWAYS_SEARCH_USER_PATHS = NO;
				ASSETCATALOG_COMPILER_APPICON_NAME = AppIcon;
				ASSETCATALOG_COMPILER_LAUNCHIMAGE_NAME = LaunchImage;
				CLANG_ENABLE_MODULES = YES;
				CLANG_ENABLE_OBJC_ARC = YES;
				COPY_PHASE_STRIP = NO;
				GCC_DYNAMIC_NO_PIC = NO;
				GCC_OPTIMIZATION_LEVEL = 0;
				GCC_PRECOMPILE_PREFIX_HEADER = YES;
				GCC_PREFIX_HEADER = "Marini Home Design/Marini Home Design-Prefix.pch";
				GCC_THUMB_SUPPORT = NO;
				GCC_VERSION = "";
				INFOPLIST_FILE = "Marini Home Design/Marini Home Design-Info.plist";
				IPHONEOS_DEPLOYMENT_TARGET = 8.0;
				LD_RUNPATH_SEARCH_PATHS = "@executable_path/Frameworks";
				TARGETED_DEVICE_FAMILY = "1,2";
				PRODUCT_NAME = "Marini Home Design";
				LIBRARY_SEARCH_PATHS = (
					"$(inherited)",
					"\"$(SRCROOT)/Marini Home Design/Plugins/phonegap-plugin-push/GCM/Libraries\"",
					"\"$(SRCROOT)/Marini Home Design/Plugins/phonegap-plugin-push/GCM/Libraries\"",
					"\"$(SRCROOT)/Marini Home Design/Plugins/phonegap-plugin-push/GCM/Libraries\"",
					"\"$(SRCROOT)/Marini Home Design/Plugins/phonegap-plugin-push/GCM/Libraries\"",
					"\"$(SRCROOT)/Marini Home Design/Plugins/phonegap-plugin-push/GCM/Libraries\"",
					"\"$(SRCROOT)/Marini Home Design/Plugins/phonegap-plugin-push/GCM/Libraries\"",
					"\"$(SRCROOT)/Marini Home Design/Plugins/phonegap-plugin-push/GCM/Libraries\"",
					"\"$(SRCROOT)/Marini Home Design/Plugins/phonegap-plugin-push/GCM/Libraries\"",
					"\"$(SRCROOT)/Marini Home Design/Plugins/phonegap-plugin-push/GCM/Libraries\"",
					"\"$(SRCROOT)/Marini Home Design/Plugins/phonegap-plugin-push/GCM/Libraries\"",
					"\"$(SRCROOT)/Marini Home Design/Plugins/phonegap-plugin-push/GCM/Libraries\"",
					"\"$(SRCROOT)/Marini Home Design/Plugins/phonegap-plugin-push/GCM/Libraries\"",
					"\"$(SRCROOT)/Marini Home Design/Plugins/phonegap-plugin-push/GCM/Libraries\"",
					"\"$(SRCROOT)/Marini Home Design/Plugins/phonegap-plugin-push/GCM/Libraries\"",
					"\"$(SRCROOT)/Marini Home Design/Plugins/phonegap-plugin-push/GCM/Libraries\"",
					"\"$(SRCROOT)/Marini Home Design/Plugins/phonegap-plugin-push/GCM/Libraries\"",
					"\"$(SRCROOT)/Marini Home Design/Plugins/phonegap-plugin-push/GCM/Libraries\"",
					"\"$(SRCROOT)/Marini Home Design/Plugins/phonegap-plugin-push/GCM/Libraries\"",
					"\"$(SRCROOT)/Marini Home Design/Plugins/phonegap-plugin-push/GCM/Libraries\"",
					"\"$(SRCROOT)/Marini Home Design/Plugins/phonegap-plugin-push/GCM/Libraries\"",
					"\"$(SRCROOT)/Marini Home Design/Plugins/phonegap-plugin-push/GCM/Libraries\"",
					"\"$(SRCROOT)/Marini Home Design/Plugins/phonegap-plugin-push/GCM/Libraries\"",
					"\"$(SRCROOT)/Marini Home Design/Plugins/phonegap-plugin-push/GCM/Libraries\"",
					"\"$(SRCROOT)/Marini Home Design/Plugins/phonegap-plugin-push/GCM/Libraries\"",
					"\"$(SRCROOT)/Marini Home Design/Plugins/phonegap-plugin-push/GCM/Libraries\"",
					"\"$(SRCROOT)/Marini Home Design/Plugins/phonegap-plugin-push/GCM/Libraries\"",
				);
			};
			name = Debug;
		};
		1D6058950D05DD3E006BFB54 /* Release */ = {
			isa = XCBuildConfiguration;
			baseConfigurationReference = 3047A5101AB8059700498E2A /* build-release.xcconfig */;
			buildSettings = {
				ALWAYS_SEARCH_USER_PATHS = NO;
				ASSETCATALOG_COMPILER_APPICON_NAME = AppIcon;
				ASSETCATALOG_COMPILER_LAUNCHIMAGE_NAME = LaunchImage;
				CLANG_ENABLE_MODULES = YES;
				CLANG_ENABLE_OBJC_ARC = YES;
				COPY_PHASE_STRIP = YES;
				GCC_PRECOMPILE_PREFIX_HEADER = YES;
				GCC_PREFIX_HEADER = "Marini Home Design/Marini Home Design-Prefix.pch";
				GCC_THUMB_SUPPORT = NO;
				GCC_VERSION = "";
				INFOPLIST_FILE = "Marini Home Design/Marini Home Design-Info.plist";
				IPHONEOS_DEPLOYMENT_TARGET = 8.0;
				LD_RUNPATH_SEARCH_PATHS = "@executable_path/Frameworks";
				TARGETED_DEVICE_FAMILY = "1,2";
				PRODUCT_NAME = "Marini Home Design";
				LIBRARY_SEARCH_PATHS = (
					"$(inherited)",
					"\"$(SRCROOT)/Marini Home Design/Plugins/phonegap-plugin-push/GCM/Libraries\"",
					"\"$(SRCROOT)/Marini Home Design/Plugins/phonegap-plugin-push/GCM/Libraries\"",
					"\"$(SRCROOT)/Marini Home Design/Plugins/phonegap-plugin-push/GCM/Libraries\"",
					"\"$(SRCROOT)/Marini Home Design/Plugins/phonegap-plugin-push/GCM/Libraries\"",
					"\"$(SRCROOT)/Marini Home Design/Plugins/phonegap-plugin-push/GCM/Libraries\"",
					"\"$(SRCROOT)/Marini Home Design/Plugins/phonegap-plugin-push/GCM/Libraries\"",
					"\"$(SRCROOT)/Marini Home Design/Plugins/phonegap-plugin-push/GCM/Libraries\"",
					"\"$(SRCROOT)/Marini Home Design/Plugins/phonegap-plugin-push/GCM/Libraries\"",
					"\"$(SRCROOT)/Marini Home Design/Plugins/phonegap-plugin-push/GCM/Libraries\"",
					"\"$(SRCROOT)/Marini Home Design/Plugins/phonegap-plugin-push/GCM/Libraries\"",
					"\"$(SRCROOT)/Marini Home Design/Plugins/phonegap-plugin-push/GCM/Libraries\"",
					"\"$(SRCROOT)/Marini Home Design/Plugins/phonegap-plugin-push/GCM/Libraries\"",
					"\"$(SRCROOT)/Marini Home Design/Plugins/phonegap-plugin-push/GCM/Libraries\"",
					"\"$(SRCROOT)/Marini Home Design/Plugins/phonegap-plugin-push/GCM/Libraries\"",
					"\"$(SRCROOT)/Marini Home Design/Plugins/phonegap-plugin-push/GCM/Libraries\"",
					"\"$(SRCROOT)/Marini Home Design/Plugins/phonegap-plugin-push/GCM/Libraries\"",
					"\"$(SRCROOT)/Marini Home Design/Plugins/phonegap-plugin-push/GCM/Libraries\"",
					"\"$(SRCROOT)/Marini Home Design/Plugins/phonegap-plugin-push/GCM/Libraries\"",
					"\"$(SRCROOT)/Marini Home Design/Plugins/phonegap-plugin-push/GCM/Libraries\"",
					"\"$(SRCROOT)/Marini Home Design/Plugins/phonegap-plugin-push/GCM/Libraries\"",
					"\"$(SRCROOT)/Marini Home Design/Plugins/phonegap-plugin-push/GCM/Libraries\"",
					"\"$(SRCROOT)/Marini Home Design/Plugins/phonegap-plugin-push/GCM/Libraries\"",
					"\"$(SRCROOT)/Marini Home Design/Plugins/phonegap-plugin-push/GCM/Libraries\"",
					"\"$(SRCROOT)/Marini Home Design/Plugins/phonegap-plugin-push/GCM/Libraries\"",
					"\"$(SRCROOT)/Marini Home Design/Plugins/phonegap-plugin-push/GCM/Libraries\"",
					"\"$(SRCROOT)/Marini Home Design/Plugins/phonegap-plugin-push/GCM/Libraries\"",
				);
			};
			name = Release;
		};
		C01FCF4F08A954540054247B /* Debug */ = {
			isa = XCBuildConfiguration;
			baseConfigurationReference = 3047A5111AB8059700498E2A /* build.xcconfig */;
			buildSettings = {
				CLANG_ENABLE_MODULES = YES;
				CLANG_ENABLE_OBJC_ARC = YES;
				CLANG_WARN_BOOL_CONVERSION = YES;
				CLANG_WARN_CONSTANT_CONVERSION = YES;
				CLANG_WARN_EMPTY_BODY = YES;
				CLANG_WARN_ENUM_CONVERSION = YES;
				CLANG_WARN_INT_CONVERSION = YES;
				CLANG_WARN__DUPLICATE_METHOD_MATCH = YES;
				GCC_C_LANGUAGE_STANDARD = c99;
				GCC_THUMB_SUPPORT = NO;
				GCC_VERSION = "";
				GCC_WARN_ABOUT_RETURN_TYPE = YES;
				GCC_WARN_UNDECLARED_SELECTOR = YES;
				GCC_WARN_UNINITIALIZED_AUTOS = YES;
				GCC_WARN_UNUSED_FUNCTION = YES;
				GCC_WARN_UNUSED_VARIABLE = YES;
				ONLY_ACTIVE_ARCH = YES;
				SDKROOT = iphoneos;
				SKIP_INSTALL = NO;
				TARGETED_DEVICE_FAMILY = "1,2";
				ASSETCATALOG_COMPILER_LAUNCHIMAGE_NAME = LaunchImage;
			};
			name = Debug;
		};
		C01FCF5008A954540054247B /* Release */ = {
			isa = XCBuildConfiguration;
			baseConfigurationReference = 3047A5111AB8059700498E2A /* build.xcconfig */;
			buildSettings = {
				CLANG_ENABLE_MODULES = YES;
				CLANG_ENABLE_OBJC_ARC = YES;
				CLANG_WARN_BOOL_CONVERSION = YES;
				CLANG_WARN_CONSTANT_CONVERSION = YES;
				CLANG_WARN_EMPTY_BODY = YES;
				CLANG_WARN_ENUM_CONVERSION = YES;
				CLANG_WARN_INT_CONVERSION = YES;
				CLANG_WARN__DUPLICATE_METHOD_MATCH = YES;
				GCC_C_LANGUAGE_STANDARD = c99;
				GCC_THUMB_SUPPORT = NO;
				GCC_VERSION = "";
				GCC_WARN_ABOUT_RETURN_TYPE = YES;
				GCC_WARN_UNDECLARED_SELECTOR = YES;
				GCC_WARN_UNINITIALIZED_AUTOS = YES;
				GCC_WARN_UNUSED_FUNCTION = YES;
				GCC_WARN_UNUSED_VARIABLE = YES;
				SDKROOT = iphoneos;
				SKIP_INSTALL = NO;
				TARGETED_DEVICE_FAMILY = "1,2";
				ASSETCATALOG_COMPILER_LAUNCHIMAGE_NAME = LaunchImage;
			};
			name = Release;
		};
/* End XCBuildConfiguration section */

/* Begin XCConfigurationList section */
		1D6058960D05DD3E006BFB54 /* Build configuration list for PBXNativeTarget "Marini Home Design" */ = {
			isa = XCConfigurationList;
			buildConfigurations = (
				1D6058940D05DD3E006BFB54 /* Debug */,
				1D6058950D05DD3E006BFB54 /* Release */,
			);
			defaultConfigurationIsVisible = 0;
			defaultConfigurationName = Release;
		};
		C01FCF4E08A954540054247B /* Build configuration list for PBXProject "__NON-CLI__" */ = {
			isa = XCConfigurationList;
			buildConfigurations = (
				C01FCF4F08A954540054247B /* Debug */,
				C01FCF5008A954540054247B /* Release */,
			);
			defaultConfigurationIsVisible = 0;
			defaultConfigurationName = Release;
		};
/* End XCConfigurationList section */
	};
	rootObject = 29B97313FDCFA39411CA2CEA /* Project object */;
}
